
Microsoft Visual Studio Solution File, Format Version 12.00
# Visual Studio 15
VisualStudioVersion = 15.0.27703.2018
MinimumVisualStudioVersion = 10.0.40219.1
Project("{9A19103F-16F7-4668-BE54-9A1E7A4F7556}") = "GameServer", "GameServer\GameServer.csproj", "{A121C114-4D26-468E-BB7B-28E875B48500}"
EndProject
Project("{FAE04EC0-301F-11D3-BF4B-00C04F79EFBC}") = "GameServer.UnitTests", "GameServer.UnitTests\GameServer.UnitTests.csproj", "{88671C5B-4F32-4F3C-BC83-90FEF1AFCDB1}"
EndProject
Global
	GlobalSection(SolutionConfigurationPlatforms) = preSolution
		Debug|Any CPU = Debug|Any CPU
		Release|Any CPU = Release|Any CPU
	EndGlobalSection
	GlobalSection(ProjectConfigurationPlatforms) = postSolution
		{A121C114-4D26-468E-BB7B-28E875B48500}.Debug|Any CPU.ActiveCfg = Debug|Any CPU
		{A121C114-4D26-468E-BB7B-28E875B48500}.Debug|Any CPU.Build.0 = Debug|Any CPU
		{A121C114-4D26-468E-BB7B-28E875B48500}.Release|Any CPU.ActiveCfg = Release|Any CPU
		{A121C114-4D26-468E-BB7B-28E875B48500}.Release|Any CPU.Build.0 = Release|Any CPU
		{88671C5B-4F32-4F3C-BC83-90FEF1AFCDB1}.Debug|Any CPU.ActiveCfg = Debug|Any CPU
		{88671C5B-4F32-4F3C-BC83-90FEF1AFCDB1}.Debug|Any CPU.Build.0 = Debug|Any CPU
		{88671C5B-4F32-4F3C-BC83-90FEF1AFCDB1}.Release|Any CPU.ActiveCfg = Release|Any CPU
		{88671C5B-4F32-4F3C-BC83-90FEF1AFCDB1}.Release|Any CPU.Build.0 = Release|Any CPU
	EndGlobalSection
	GlobalSection(SolutionProperties) = preSolution
		HideSolutionNode = FALSE
	EndGlobalSection
	GlobalSection(ExtensibilityGlobals) = postSolution
		SolutionGuid = {DEF4A2CD-6E0F-410F-9E33-01AA8789115F}
	EndGlobalSection
EndGlobal
