
Microsoft Visual Studio Solution File, Format Version 12.00
# Visual Studio 15
VisualStudioVersion = 15.0.26730.16
MinimumVisualStudioVersion = 10.0.40219.1
Project("{FAE04EC0-301F-11D3-BF4B-00C04F79EFBC}") = "BombermanServer", "BombermanServer\BombermanServer.csproj", "{852ED413-CAE8-4230-8085-DE0B40FEDA10}"
EndProject
Project("{FAE04EC0-301F-11D3-BF4B-00C04F79EFBC}") = "BombermanClient", "BombermanClient\BombermanClient.csproj", "{2286A88C-C0CF-43A0-9EBC-2A5B51287089}"
EndProject
Project("{FAE04EC0-301F-11D3-BF4B-00C04F79EFBC}") = "BombermanLib", "BombermanLib\BombermanLib.csproj", "{B50EBC1F-5630-439D-B420-E4BE562DE9B8}"
EndProject
Global
	GlobalSection(SolutionConfigurationPlatforms) = preSolution
		Debug|Any CPU = Debug|Any CPU
		Debug|x64 = Debug|x64
		Debug|x86 = Debug|x86
		Release|Any CPU = Release|Any CPU
		Release|x64 = Release|x64
		Release|x86 = Release|x86
	EndGlobalSection
	GlobalSection(ProjectConfigurationPlatforms) = postSolution
		{852ED413-CAE8-4230-8085-DE0B40FEDA10}.Debug|Any CPU.ActiveCfg = Debug|Any CPU
		{852ED413-CAE8-4230-8085-DE0B40FEDA10}.Debug|Any CPU.Build.0 = Debug|Any CPU
		{852ED413-CAE8-4230-8085-DE0B40FEDA10}.Debug|x64.ActiveCfg = Debug|Any CPU
		{852ED413-CAE8-4230-8085-DE0B40FEDA10}.Debug|x64.Build.0 = Debug|Any CPU
		{852ED413-CAE8-4230-8085-DE0B40FEDA10}.Debug|x86.ActiveCfg = Debug|Any CPU
		{852ED413-CAE8-4230-8085-DE0B40FEDA10}.Debug|x86.Build.0 = Debug|Any CPU
		{852ED413-CAE8-4230-8085-DE0B40FEDA10}.Release|Any CPU.ActiveCfg = Release|Any CPU
		{852ED413-CAE8-4230-8085-DE0B40FEDA10}.Release|Any CPU.Build.0 = Release|Any CPU
		{852ED413-CAE8-4230-8085-DE0B40FEDA10}.Release|x64.ActiveCfg = Release|Any CPU
		{852ED413-CAE8-4230-8085-DE0B40FEDA10}.Release|x64.Build.0 = Release|Any CPU
		{852ED413-CAE8-4230-8085-DE0B40FEDA10}.Release|x86.ActiveCfg = Release|Any CPU
		{852ED413-CAE8-4230-8085-DE0B40FEDA10}.Release|x86.Build.0 = Release|Any CPU
		{2286A88C-C0CF-43A0-9EBC-2A5B51287089}.Debug|Any CPU.ActiveCfg = Debug|Any CPU
		{2286A88C-C0CF-43A0-9EBC-2A5B51287089}.Debug|Any CPU.Build.0 = Debug|Any CPU
		{2286A88C-C0CF-43A0-9EBC-2A5B51287089}.Debug|x64.ActiveCfg = Debug|Any CPU
		{2286A88C-C0CF-43A0-9EBC-2A5B51287089}.Debug|x64.Build.0 = Debug|Any CPU
		{2286A88C-C0CF-43A0-9EBC-2A5B51287089}.Debug|x86.ActiveCfg = Debug|Any CPU
		{2286A88C-C0CF-43A0-9EBC-2A5B51287089}.Debug|x86.Build.0 = Debug|Any CPU
		{2286A88C-C0CF-43A0-9EBC-2A5B51287089}.Release|Any CPU.ActiveCfg = Release|Any CPU
		{2286A88C-C0CF-43A0-9EBC-2A5B51287089}.Release|Any CPU.Build.0 = Release|Any CPU
		{2286A88C-C0CF-43A0-9EBC-2A5B51287089}.Release|x64.ActiveCfg = Release|Any CPU
		{2286A88C-C0CF-43A0-9EBC-2A5B51287089}.Release|x64.Build.0 = Release|Any CPU
		{2286A88C-C0CF-43A0-9EBC-2A5B51287089}.Release|x86.ActiveCfg = Release|Any CPU
		{2286A88C-C0CF-43A0-9EBC-2A5B51287089}.Release|x86.Build.0 = Release|Any CPU
		{B50EBC1F-5630-439D-B420-E4BE562DE9B8}.Debug|Any CPU.ActiveCfg = Debug|Any CPU
		{B50EBC1F-5630-439D-B420-E4BE562DE9B8}.Debug|Any CPU.Build.0 = Debug|Any CPU
		{B50EBC1F-5630-439D-B420-E4BE562DE9B8}.Debug|x64.ActiveCfg = Debug|Any CPU
		{B50EBC1F-5630-439D-B420-E4BE562DE9B8}.Debug|x64.Build.0 = Debug|Any CPU
		{B50EBC1F-5630-439D-B420-E4BE562DE9B8}.Debug|x86.ActiveCfg = Debug|Any CPU
		{B50EBC1F-5630-439D-B420-E4BE562DE9B8}.Debug|x86.Build.0 = Debug|Any CPU
		{B50EBC1F-5630-439D-B420-E4BE562DE9B8}.Release|Any CPU.ActiveCfg = Release|Any CPU
		{B50EBC1F-5630-439D-B420-E4BE562DE9B8}.Release|Any CPU.Build.0 = Release|Any CPU
		{B50EBC1F-5630-439D-B420-E4BE562DE9B8}.Release|x64.ActiveCfg = Release|Any CPU
		{B50EBC1F-5630-439D-B420-E4BE562DE9B8}.Release|x64.Build.0 = Release|Any CPU
		{B50EBC1F-5630-439D-B420-E4BE562DE9B8}.Release|x86.ActiveCfg = Release|Any CPU
		{B50EBC1F-5630-439D-B420-E4BE562DE9B8}.Release|x86.Build.0 = Release|Any CPU
	EndGlobalSection
	GlobalSection(SolutionProperties) = preSolution
		HideSolutionNode = FALSE
	EndGlobalSection
	GlobalSection(ExtensibilityGlobals) = postSolution
		SolutionGuid = {D0D45108-5520-4B74-9BDE-6049834DE56B}
	EndGlobalSection
EndGlobal
