
Microsoft Visual Studio Solution File, Format Version 12.00
# Visual Studio 15
VisualStudioVersion = 15.0.27428.2005
MinimumVisualStudioVersion = 10.0.40219.1
Project("{6EC3EE1D-3C4E-46DD-8F32-0CC8E7565705}") = "Peano", "Peano\Peano.fsproj", "{E89877BF-92E3-430A-8035-4C6498113AF2}"
EndProject
Project("{9A19103F-16F7-4668-BE54-9A1E7A4F7556}") = "Tests", "Peano.UnitTests\Tests.csproj", "{D74974FE-4451-40F8-8FE1-21F6DB8C7CE1}"
EndProject
Global
	GlobalSection(SolutionConfigurationPlatforms) = preSolution
		Debug|Any CPU = Debug|Any CPU
		Release|Any CPU = Release|Any CPU
	EndGlobalSection
	GlobalSection(ProjectConfigurationPlatforms) = postSolution
		{E89877BF-92E3-430A-8035-4C6498113AF2}.Debug|Any CPU.ActiveCfg = Debug|Any CPU
		{E89877BF-92E3-430A-8035-4C6498113AF2}.Debug|Any CPU.Build.0 = Debug|Any CPU
		{E89877BF-92E3-430A-8035-4C6498113AF2}.Release|Any CPU.ActiveCfg = Release|Any CPU
		{E89877BF-92E3-430A-8035-4C6498113AF2}.Release|Any CPU.Build.0 = Release|Any CPU
		{D74974FE-4451-40F8-8FE1-21F6DB8C7CE1}.Debug|Any CPU.ActiveCfg = Debug|Any CPU
		{D74974FE-4451-40F8-8FE1-21F6DB8C7CE1}.Debug|Any CPU.Build.0 = Debug|Any CPU
		{D74974FE-4451-40F8-8FE1-21F6DB8C7CE1}.Release|Any CPU.ActiveCfg = Release|Any CPU
		{D74974FE-4451-40F8-8FE1-21F6DB8C7CE1}.Release|Any CPU.Build.0 = Release|Any CPU
	EndGlobalSection
	GlobalSection(SolutionProperties) = preSolution
		HideSolutionNode = FALSE
	EndGlobalSection
	GlobalSection(ExtensibilityGlobals) = postSolution
		SolutionGuid = {54A0F16F-DA01-4F3D-B2AF-50BEC15EA313}
	EndGlobalSection
EndGlobal
